
Microsoft Visual Studio Solution File, Format Version 12.00
# Visual Studio Version 17
VisualStudioVersion = 17.10.35013.160
MinimumVisualStudioVersion = 10.0.40219.1
Project("{FAE04EC0-301F-11D3-BF4B-00C04F79EFBC}") = "CachingWebApi", "CachingWebApi.csproj", "{B78A14D1-3B53-4606-8434-421667398685}"
EndProject
Global
	GlobalSection(SolutionConfigurationPlatforms) = preSolution
		Debug|Any CPU = Debug|Any CPU
		Release|Any CPU = Release|Any CPU
	EndGlobalSection
	GlobalSection(ProjectConfigurationPlatforms) = postSolution
		{B78A14D1-3B53-4606-8434-421667398685}.Debug|Any CPU.ActiveCfg = Debug|Any CPU
		{B78A14D1-3B53-4606-8434-421667398685}.Debug|Any CPU.Build.0 = Debug|Any CPU
		{B78A14D1-3B53-4606-8434-421667398685}.Release|Any CPU.ActiveCfg = Release|Any CPU
		{B78A14D1-3B53-4606-8434-421667398685}.Release|Any CPU.Build.0 = Release|Any CPU
	EndGlobalSection
	GlobalSection(SolutionProperties) = preSolution
		HideSolutionNode = FALSE
	EndGlobalSection
	GlobalSection(ExtensibilityGlobals) = postSolution
		SolutionGuid = {696B58B1-094B-42E5-B1DC-D6A16DA1C420}
	EndGlobalSection
EndGlobal
